
Microsoft Visual Studio Solution File, Format Version 12.00
# Visual Studio Version 17
VisualStudioVersion = 17.8.34322.80
MinimumVisualStudioVersion = 10.0.40219.1
Project("{9A19103F-16F7-4668-BE54-9A1E7A4F7556}") = "PropertyRentalManagement", "PropertyRentalManagement\PropertyRentalManagement.csproj", "{1DDE6144-AFEC-477F-BB91-F4D73B905CA8}"
EndProject
Project("{2150E333-8FDC-42A3-9474-1A3956D46DE8}") = "Solution Items", "Solution Items", "{FC5E58A9-7B39-4B0C-80D6-D380B0B551DD}"
	ProjectSection(SolutionItems) = preProject
		.editorconfig = .editorconfig
	EndProjectSection
EndProject
Global
	GlobalSection(SolutionConfigurationPlatforms) = preSolution
		Debug|Any CPU = Debug|Any CPU
		Release|Any CPU = Release|Any CPU
	EndGlobalSection
	GlobalSection(ProjectConfigurationPlatforms) = postSolution
		{1DDE6144-AFEC-477F-BB91-F4D73B905CA8}.Debug|Any CPU.ActiveCfg = Debug|Any CPU
		{1DDE6144-AFEC-477F-BB91-F4D73B905CA8}.Debug|Any CPU.Build.0 = Debug|Any CPU
		{1DDE6144-AFEC-477F-BB91-F4D73B905CA8}.Release|Any CPU.ActiveCfg = Release|Any CPU
		{1DDE6144-AFEC-477F-BB91-F4D73B905CA8}.Release|Any CPU.Build.0 = Release|Any CPU
	EndGlobalSection
	GlobalSection(SolutionProperties) = preSolution
		HideSolutionNode = FALSE
	EndGlobalSection
	GlobalSection(ExtensibilityGlobals) = postSolution
		SolutionGuid = {2D759379-0307-44FF-9F72-B5DC17A20F35}
	EndGlobalSection
EndGlobal
